# This file is automatically @generated by Cargo.
# It is not intended for manual editing.
[[package]]
name = "autocfg"
version = "1.0.0"
source = "registry+https://github.com/rust-lang/crates.io-index"

[[package]]
name = "base-x"
version = "0.2.6"
source = "registry+https://github.com/rust-lang/crates.io-index"

[[package]]
name = "bincode"
version = "1.2.1"
source = "registry+https://github.com/rust-lang/crates.io-index"
dependencies = [
 "byteorder 1.3.4 (registry+https://github.com/rust-lang/crates.io-index)",
 "serde 1.0.111 (registry+https://github.com/rust-lang/crates.io-index)",
]

[[package]]
name = "bitnn"
version = "0.2.0"
dependencies = [
 "bincode 1.2.1 (registry+https://github.com/rust-lang/crates.io-index)",
 "num_cpus 1.13.0 (registry+https://github.com/rust-lang/crates.io-index)",
 "rand 0.7.3 (registry+https://github.com/rust-lang/crates.io-index)",
 "rand_core 0.5.1 (registry+https://github.com/rust-lang/crates.io-index)",
 "rand_distr 0.2.2 (registry+https://github.com/rust-lang/crates.io-index)",
 "rand_hc 0.2.0 (registry+https://github.com/rust-lang/crates.io-index)",
 "rayon 1.3.0 (registry+https://github.com/rust-lang/crates.io-index)",
 "serde 1.0.111 (registry+https://github.com/rust-lang/crates.io-index)",
 "time 0.2.16 (registry+https://github.com/rust-lang/crates.io-index)",
]

[[package]]
name = "bumpalo"
version = "3.4.0"
source = "registry+https://github.com/rust-lang/crates.io-index"

[[package]]
name = "byteorder"
version = "1.3.4"
source = "registry+https://github.com/rust-lang/crates.io-index"

[[package]]
name = "cfg-if"
version = "0.1.10"
source = "registry+https://github.com/rust-lang/crates.io-index"

[[package]]
name = "crossbeam-deque"
version = "0.7.3"
source = "registry+https://github.com/rust-lang/crates.io-index"
dependencies = [
 "crossbeam-epoch 0.8.2 (registry+https://github.com/rust-lang/crates.io-index)",
 "crossbeam-utils 0.7.2 (registry+https://github.com/rust-lang/crates.io-index)",
 "maybe-uninit 2.0.0 (registry+https://github.com/rust-lang/crates.io-index)",
]

[[package]]
name = "crossbeam-epoch"
version = "0.8.2"
source = "registry+https://github.com/rust-lang/crates.io-index"
dependencies = [
 "autocfg 1.0.0 (registry+https://github.com/rust-lang/crates.io-index)",
 "cfg-if 0.1.10 (registry+https://github.com/rust-lang/crates.io-index)",
 "crossbeam-utils 0.7.2 (registry+https://github.com/rust-lang/crates.io-index)",
 "lazy_static 1.4.0 (registry+https://github.com/rust-lang/crates.io-index)",
 "maybe-uninit 2.0.0 (registry+https://github.com/rust-lang/crates.io-index)",
 "memoffset 0.5.4 (registry+https://github.com/rust-lang/crates.io-index)",
 "scopeguard 1.1.0 (registry+https://github.com/rust-lang/crates.io-index)",
]

[[package]]
name = "crossbeam-queue"
version = "0.2.3"
source = "registry+https://github.com/rust-lang/crates.io-index"
dependencies = [
 "cfg-if 0.1.10 (registry+https://github.com/rust-lang/crates.io-index)",
 "crossbeam-utils 0.7.2 (registry+https://github.com/rust-lang/crates.io-index)",
 "maybe-uninit 2.0.0 (registry+https://github.com/rust-lang/crates.io-index)",
]

[[package]]
name = "crossbeam-utils"
version = "0.7.2"
source = "registry+https://github.com/rust-lang/crates.io-index"
dependencies = [
 "autocfg 1.0.0 (registry+https://github.com/rust-lang/crates.io-index)",
 "cfg-if 0.1.10 (registry+https://github.com/rust-lang/crates.io-index)",
 "lazy_static 1.4.0 (registry+https://github.com/rust-lang/crates.io-index)",
]

[[package]]
name = "discard"
version = "1.0.4"
source = "registry+https://github.com/rust-lang/crates.io-index"

[[package]]
name = "either"
version = "1.5.3"
source = "registry+https://github.com/rust-lang/crates.io-index"

[[package]]
name = "getrandom"
version = "0.1.14"
source = "registry+https://github.com/rust-lang/crates.io-index"
dependencies = [
 "cfg-if 0.1.10 (registry+https://github.com/rust-lang/crates.io-index)",
 "libc 0.2.71 (registry+https://github.com/rust-lang/crates.io-index)",
 "wasi 0.9.0+wasi-snapshot-preview1 (registry+https://github.com/rust-lang/crates.io-index)",
]

[[package]]
name = "hermit-abi"
version = "0.1.13"
source = "registry+https://github.com/rust-lang/crates.io-index"
dependencies = [
 "libc 0.2.71 (registry+https://github.com/rust-lang/crates.io-index)",
]

[[package]]
name = "itoa"
version = "0.4.5"
source = "registry+https://github.com/rust-lang/crates.io-index"

[[package]]
name = "lazy_static"
version = "1.4.0"
source = "registry+https://github.com/rust-lang/crates.io-index"

[[package]]
name = "libc"
version = "0.2.71"
source = "registry+https://github.com/rust-lang/crates.io-index"

[[package]]
name = "log"
version = "0.4.8"
source = "registry+https://github.com/rust-lang/crates.io-index"
dependencies = [
 "cfg-if 0.1.10 (registry+https://github.com/rust-lang/crates.io-index)",
]

[[package]]
name = "maybe-uninit"
version = "2.0.0"
source = "registry+https://github.com/rust-lang/crates.io-index"

[[package]]
name = "memoffset"
version = "0.5.4"
source = "registry+https://github.com/rust-lang/crates.io-index"
dependencies = [
 "autocfg 1.0.0 (registry+https://github.com/rust-lang/crates.io-index)",
]

[[package]]
name = "num_cpus"
version = "1.13.0"
source = "registry+https://github.com/rust-lang/crates.io-index"
dependencies = [
 "hermit-abi 0.1.13 (registry+https://github.com/rust-lang/crates.io-index)",
 "libc 0.2.71 (registry+https://github.com/rust-lang/crates.io-index)",
]

[[package]]
name = "ppv-lite86"
version = "0.2.8"
source = "registry+https://github.com/rust-lang/crates.io-index"

[[package]]
name = "proc-macro-hack"
version = "0.5.16"
source = "registry+https://github.com/rust-lang/crates.io-index"

[[package]]
name = "proc-macro2"
version = "1.0.18"
source = "registry+https://github.com/rust-lang/crates.io-index"
dependencies = [
 "unicode-xid 0.2.0 (registry+https://github.com/rust-lang/crates.io-index)",
]

[[package]]
name = "quote"
version = "1.0.7"
source = "registry+https://github.com/rust-lang/crates.io-index"
dependencies = [
 "proc-macro2 1.0.18 (registry+https://github.com/rust-lang/crates.io-index)",
]

[[package]]
name = "rand"
version = "0.7.3"
source = "registry+https://github.com/rust-lang/crates.io-index"
dependencies = [
 "getrandom 0.1.14 (registry+https://github.com/rust-lang/crates.io-index)",
 "libc 0.2.71 (registry+https://github.com/rust-lang/crates.io-index)",
 "rand_chacha 0.2.2 (registry+https://github.com/rust-lang/crates.io-index)",
 "rand_core 0.5.1 (registry+https://github.com/rust-lang/crates.io-index)",
 "rand_hc 0.2.0 (registry+https://github.com/rust-lang/crates.io-index)",
]

[[package]]
name = "rand_chacha"
version = "0.2.2"
source = "registry+https://github.com/rust-lang/crates.io-index"
dependencies = [
 "ppv-lite86 0.2.8 (registry+https://github.com/rust-lang/crates.io-index)",
 "rand_core 0.5.1 (registry+https://github.com/rust-lang/crates.io-index)",
]

[[package]]
name = "rand_core"
version = "0.5.1"
source = "registry+https://github.com/rust-lang/crates.io-index"
dependencies = [
 "getrandom 0.1.14 (registry+https://github.com/rust-lang/crates.io-index)",
]

[[package]]
name = "rand_distr"
version = "0.2.2"
source = "registry+https://github.com/rust-lang/crates.io-index"
dependencies = [
 "rand 0.7.3 (registry+https://github.com/rust-lang/crates.io-index)",
]

[[package]]
name = "rand_hc"
version = "0.2.0"
source = "registry+https://github.com/rust-lang/crates.io-index"
dependencies = [
 "rand_core 0.5.1 (registry+https://github.com/rust-lang/crates.io-index)",
]

[[package]]
name = "rayon"
version = "1.3.0"
source = "registry+https://github.com/rust-lang/crates.io-index"
dependencies = [
 "crossbeam-deque 0.7.3 (registry+https://github.com/rust-lang/crates.io-index)",
 "either 1.5.3 (registry+https://github.com/rust-lang/crates.io-index)",
 "rayon-core 1.7.0 (registry+https://github.com/rust-lang/crates.io-index)",
]

[[package]]
name = "rayon-core"
version = "1.7.0"
source = "registry+https://github.com/rust-lang/crates.io-index"
dependencies = [
 "crossbeam-deque 0.7.3 (registry+https://github.com/rust-lang/crates.io-index)",
 "crossbeam-queue 0.2.3 (registry+https://github.com/rust-lang/crates.io-index)",
 "crossbeam-utils 0.7.2 (registry+https://github.com/rust-lang/crates.io-index)",
 "lazy_static 1.4.0 (registry+https://github.com/rust-lang/crates.io-index)",
 "num_cpus 1.13.0 (registry+https://github.com/rust-lang/crates.io-index)",
]

[[package]]
name = "rustc_version"
version = "0.2.3"
source = "registry+https://github.com/rust-lang/crates.io-index"
dependencies = [
 "semver 0.9.0 (registry+https://github.com/rust-lang/crates.io-index)",
]

[[package]]
name = "ryu"
version = "1.0.5"
source = "registry+https://github.com/rust-lang/crates.io-index"

[[package]]
name = "scopeguard"
version = "1.1.0"
source = "registry+https://github.com/rust-lang/crates.io-index"

[[package]]
name = "semver"
version = "0.9.0"
source = "registry+https://github.com/rust-lang/crates.io-index"
dependencies = [
 "semver-parser 0.7.0 (registry+https://github.com/rust-lang/crates.io-index)",
]

[[package]]
name = "semver-parser"
version = "0.7.0"
source = "registry+https://github.com/rust-lang/crates.io-index"

[[package]]
name = "serde"
version = "1.0.111"
source = "registry+https://github.com/rust-lang/crates.io-index"
dependencies = [
 "serde_derive 1.0.111 (registry+https://github.com/rust-lang/crates.io-index)",
]

[[package]]
name = "serde_derive"
version = "1.0.111"
source = "registry+https://github.com/rust-lang/crates.io-index"
dependencies = [
 "proc-macro2 1.0.18 (registry+https://github.com/rust-lang/crates.io-index)",
 "quote 1.0.7 (registry+https://github.com/rust-lang/crates.io-index)",
 "syn 1.0.31 (registry+https://github.com/rust-lang/crates.io-index)",
]

[[package]]
name = "serde_json"
version = "1.0.55"
source = "registry+https://github.com/rust-lang/crates.io-index"
dependencies = [
 "itoa 0.4.5 (registry+https://github.com/rust-lang/crates.io-index)",
 "ryu 1.0.5 (registry+https://github.com/rust-lang/crates.io-index)",
 "serde 1.0.111 (registry+https://github.com/rust-lang/crates.io-index)",
]

[[package]]
name = "sha1"
version = "0.6.0"
source = "registry+https://github.com/rust-lang/crates.io-index"

[[package]]
name = "standback"
version = "0.2.9"
source = "registry+https://github.com/rust-lang/crates.io-index"
dependencies = [
 "version_check 0.9.2 (registry+https://github.com/rust-lang/crates.io-index)",
]

[[package]]
name = "stdweb"
version = "0.4.20"
source = "registry+https://github.com/rust-lang/crates.io-index"
dependencies = [
 "discard 1.0.4 (registry+https://github.com/rust-lang/crates.io-index)",
 "rustc_version 0.2.3 (registry+https://github.com/rust-lang/crates.io-index)",
 "stdweb-derive 0.5.3 (registry+https://github.com/rust-lang/crates.io-index)",
 "stdweb-internal-macros 0.2.9 (registry+https://github.com/rust-lang/crates.io-index)",
 "stdweb-internal-runtime 0.1.5 (registry+https://github.com/rust-lang/crates.io-index)",
 "wasm-bindgen 0.2.63 (registry+https://github.com/rust-lang/crates.io-index)",
]

[[package]]
name = "stdweb-derive"
version = "0.5.3"
source = "registry+https://github.com/rust-lang/crates.io-index"
dependencies = [
 "proc-macro2 1.0.18 (registry+https://github.com/rust-lang/crates.io-index)",
 "quote 1.0.7 (registry+https://github.com/rust-lang/crates.io-index)",
 "serde 1.0.111 (registry+https://github.com/rust-lang/crates.io-index)",
 "serde_derive 1.0.111 (registry+https://github.com/rust-lang/crates.io-index)",
 "syn 1.0.31 (registry+https://github.com/rust-lang/crates.io-index)",
]

[[package]]
name = "stdweb-internal-macros"
version = "0.2.9"
source = "registry+https://github.com/rust-lang/crates.io-index"
dependencies = [
 "base-x 0.2.6 (registry+https://github.com/rust-lang/crates.io-index)",
 "proc-macro2 1.0.18 (registry+https://github.com/rust-lang/crates.io-index)",
 "quote 1.0.7 (registry+https://github.com/rust-lang/crates.io-index)",
 "serde 1.0.111 (registry+https://github.com/rust-lang/crates.io-index)",
 "serde_derive 1.0.111 (registry+https://github.com/rust-lang/crates.io-index)",
 "serde_json 1.0.55 (registry+https://github.com/rust-lang/crates.io-index)",
 "sha1 0.6.0 (registry+https://github.com/rust-lang/crates.io-index)",
 "syn 1.0.31 (registry+https://github.com/rust-lang/crates.io-index)",
]

[[package]]
name = "stdweb-internal-runtime"
version = "0.1.5"
source = "registry+https://github.com/rust-lang/crates.io-index"

[[package]]
name = "syn"
version = "1.0.31"
source = "registry+https://github.com/rust-lang/crates.io-index"
dependencies = [
 "proc-macro2 1.0.18 (registry+https://github.com/rust-lang/crates.io-index)",
 "quote 1.0.7 (registry+https://github.com/rust-lang/crates.io-index)",
 "unicode-xid 0.2.0 (registry+https://github.com/rust-lang/crates.io-index)",
]

[[package]]
name = "time"
version = "0.2.16"
source = "registry+https://github.com/rust-lang/crates.io-index"
dependencies = [
 "cfg-if 0.1.10 (registry+https://github.com/rust-lang/crates.io-index)",
 "libc 0.2.71 (registry+https://github.com/rust-lang/crates.io-index)",
 "standback 0.2.9 (registry+https://github.com/rust-lang/crates.io-index)",
 "stdweb 0.4.20 (registry+https://github.com/rust-lang/crates.io-index)",
 "time-macros 0.1.0 (registry+https://github.com/rust-lang/crates.io-index)",
 "version_check 0.9.2 (registry+https://github.com/rust-lang/crates.io-index)",
 "winapi 0.3.8 (registry+https://github.com/rust-lang/crates.io-index)",
]

[[package]]
name = "time-macros"
version = "0.1.0"
source = "registry+https://github.com/rust-lang/crates.io-index"
dependencies = [
 "proc-macro-hack 0.5.16 (registry+https://github.com/rust-lang/crates.io-index)",
 "time-macros-impl 0.1.1 (registry+https://github.com/rust-lang/crates.io-index)",
]

[[package]]
name = "time-macros-impl"
version = "0.1.1"
source = "registry+https://github.com/rust-lang/crates.io-index"
dependencies = [
 "proc-macro-hack 0.5.16 (registry+https://github.com/rust-lang/crates.io-index)",
 "proc-macro2 1.0.18 (registry+https://github.com/rust-lang/crates.io-index)",
 "quote 1.0.7 (registry+https://github.com/rust-lang/crates.io-index)",
 "standback 0.2.9 (registry+https://github.com/rust-lang/crates.io-index)",
 "syn 1.0.31 (registry+https://github.com/rust-lang/crates.io-index)",
]

[[package]]
name = "unicode-xid"
version = "0.2.0"
source = "registry+https://github.com/rust-lang/crates.io-index"

[[package]]
name = "version_check"
version = "0.9.2"
source = "registry+https://github.com/rust-lang/crates.io-index"

[[package]]
name = "wasi"
version = "0.9.0+wasi-snapshot-preview1"
source = "registry+https://github.com/rust-lang/crates.io-index"

[[package]]
name = "wasm-bindgen"
version = "0.2.63"
source = "registry+https://github.com/rust-lang/crates.io-index"
dependencies = [
 "cfg-if 0.1.10 (registry+https://github.com/rust-lang/crates.io-index)",
 "wasm-bindgen-macro 0.2.63 (registry+https://github.com/rust-lang/crates.io-index)",
]

[[package]]
name = "wasm-bindgen-backend"
version = "0.2.63"
source = "registry+https://github.com/rust-lang/crates.io-index"
dependencies = [
 "bumpalo 3.4.0 (registry+https://github.com/rust-lang/crates.io-index)",
 "lazy_static 1.4.0 (registry+https://github.com/rust-lang/crates.io-index)",
 "log 0.4.8 (registry+https://github.com/rust-lang/crates.io-index)",
 "proc-macro2 1.0.18 (registry+https://github.com/rust-lang/crates.io-index)",
 "quote 1.0.7 (registry+https://github.com/rust-lang/crates.io-index)",
 "syn 1.0.31 (registry+https://github.com/rust-lang/crates.io-index)",
 "wasm-bindgen-shared 0.2.63 (registry+https://github.com/rust-lang/crates.io-index)",
]

[[package]]
name = "wasm-bindgen-macro"
version = "0.2.63"
source = "registry+https://github.com/rust-lang/crates.io-index"
dependencies = [
 "quote 1.0.7 (registry+https://github.com/rust-lang/crates.io-index)",
 "wasm-bindgen-macro-support 0.2.63 (registry+https://github.com/rust-lang/crates.io-index)",
]

[[package]]
name = "wasm-bindgen-macro-support"
version = "0.2.63"
source = "registry+https://github.com/rust-lang/crates.io-index"
dependencies = [
 "proc-macro2 1.0.18 (registry+https://github.com/rust-lang/crates.io-index)",
 "quote 1.0.7 (registry+https://github.com/rust-lang/crates.io-index)",
 "syn 1.0.31 (registry+https://github.com/rust-lang/crates.io-index)",
 "wasm-bindgen-backend 0.2.63 (registry+https://github.com/rust-lang/crates.io-index)",
 "wasm-bindgen-shared 0.2.63 (registry+https://github.com/rust-lang/crates.io-index)",
]

[[package]]
name = "wasm-bindgen-shared"
version = "0.2.63"
source = "registry+https://github.com/rust-lang/crates.io-index"

[[package]]
name = "winapi"
version = "0.3.8"
source = "registry+https://github.com/rust-lang/crates.io-index"
dependencies = [
 "winapi-i686-pc-windows-gnu 0.4.0 (registry+https://github.com/rust-lang/crates.io-index)",
 "winapi-x86_64-pc-windows-gnu 0.4.0 (registry+https://github.com/rust-lang/crates.io-index)",
]

[[package]]
name = "winapi-i686-pc-windows-gnu"
version = "0.4.0"
source = "registry+https://github.com/rust-lang/crates.io-index"

[[package]]
name = "winapi-x86_64-pc-windows-gnu"
version = "0.4.0"
source = "registry+https://github.com/rust-lang/crates.io-index"

[metadata]
"checksum autocfg 1.0.0 (registry+https://github.com/rust-lang/crates.io-index)" = "f8aac770f1885fd7e387acedd76065302551364496e46b3dd00860b2f8359b9d"
"checksum base-x 0.2.6 (registry+https://github.com/rust-lang/crates.io-index)" = "1b20b618342cf9891c292c4f5ac2cde7287cc5c87e87e9c769d617793607dec1"
"checksum bincode 1.2.1 (registry+https://github.com/rust-lang/crates.io-index)" = "5753e2a71534719bf3f4e57006c3a4f0d2c672a4b676eec84161f763eca87dbf"
"checksum bumpalo 3.4.0 (registry+https://github.com/rust-lang/crates.io-index)" = "2e8c087f005730276d1096a652e92a8bacee2e2472bcc9715a74d2bec38b5820"
"checksum byteorder 1.3.4 (registry+https://github.com/rust-lang/crates.io-index)" = "08c48aae112d48ed9f069b33538ea9e3e90aa263cfa3d1c24309612b1f7472de"
"checksum cfg-if 0.1.10 (registry+https://github.com/rust-lang/crates.io-index)" = "4785bdd1c96b2a846b2bd7cc02e86b6b3dbf14e7e53446c4f54c92a361040822"
"checksum crossbeam-deque 0.7.3 (registry+https://github.com/rust-lang/crates.io-index)" = "9f02af974daeee82218205558e51ec8768b48cf524bd01d550abe5573a608285"
"checksum crossbeam-epoch 0.8.2 (registry+https://github.com/rust-lang/crates.io-index)" = "058ed274caafc1f60c4997b5fc07bf7dc7cca454af7c6e81edffe5f33f70dace"
"checksum crossbeam-queue 0.2.3 (registry+https://github.com/rust-lang/crates.io-index)" = "774ba60a54c213d409d5353bda12d49cd68d14e45036a285234c8d6f91f92570"
"checksum crossbeam-utils 0.7.2 (registry+https://github.com/rust-lang/crates.io-index)" = "c3c7c73a2d1e9fc0886a08b93e98eb643461230d5f1925e4036204d5f2e261a8"
"checksum discard 1.0.4 (registry+https://github.com/rust-lang/crates.io-index)" = "212d0f5754cb6769937f4501cc0e67f4f4483c8d2c3e1e922ee9edbe4ab4c7c0"
"checksum either 1.5.3 (registry+https://github.com/rust-lang/crates.io-index)" = "bb1f6b1ce1c140482ea30ddd3335fc0024ac7ee112895426e0a629a6c20adfe3"
"checksum getrandom 0.1.14 (registry+https://github.com/rust-lang/crates.io-index)" = "7abc8dd8451921606d809ba32e95b6111925cd2906060d2dcc29c070220503eb"
"checksum hermit-abi 0.1.13 (registry+https://github.com/rust-lang/crates.io-index)" = "91780f809e750b0a89f5544be56617ff6b1227ee485bcb06ebe10cdf89bd3b71"
"checksum itoa 0.4.5 (registry+https://github.com/rust-lang/crates.io-index)" = "b8b7a7c0c47db5545ed3fef7468ee7bb5b74691498139e4b3f6a20685dc6dd8e"
"checksum lazy_static 1.4.0 (registry+https://github.com/rust-lang/crates.io-index)" = "e2abad23fbc42b3700f2f279844dc832adb2b2eb069b2df918f455c4e18cc646"
"checksum libc 0.2.71 (registry+https://github.com/rust-lang/crates.io-index)" = "9457b06509d27052635f90d6466700c65095fdf75409b3fbdd903e988b886f49"
"checksum log 0.4.8 (registry+https://github.com/rust-lang/crates.io-index)" = "14b6052be84e6b71ab17edffc2eeabf5c2c3ae1fdb464aae35ac50c67a44e1f7"
"checksum maybe-uninit 2.0.0 (registry+https://github.com/rust-lang/crates.io-index)" = "60302e4db3a61da70c0cb7991976248362f30319e88850c487b9b95bbf059e00"
"checksum memoffset 0.5.4 (registry+https://github.com/rust-lang/crates.io-index)" = "b4fc2c02a7e374099d4ee95a193111f72d2110197fe200272371758f6c3643d8"
"checksum num_cpus 1.13.0 (registry+https://github.com/rust-lang/crates.io-index)" = "05499f3756671c15885fee9034446956fff3f243d6077b91e5767df161f766b3"
"checksum ppv-lite86 0.2.8 (registry+https://github.com/rust-lang/crates.io-index)" = "237a5ed80e274dbc66f86bd59c1e25edc039660be53194b5fe0a482e0f2612ea"
"checksum proc-macro-hack 0.5.16 (registry+https://github.com/rust-lang/crates.io-index)" = "7e0456befd48169b9f13ef0f0ad46d492cf9d2dbb918bcf38e01eed4ce3ec5e4"
"checksum proc-macro2 1.0.18 (registry+https://github.com/rust-lang/crates.io-index)" = "beae6331a816b1f65d04c45b078fd8e6c93e8071771f41b8163255bbd8d7c8fa"
"checksum quote 1.0.7 (registry+https://github.com/rust-lang/crates.io-index)" = "aa563d17ecb180e500da1cfd2b028310ac758de548efdd203e18f283af693f37"
"checksum rand 0.7.3 (registry+https://github.com/rust-lang/crates.io-index)" = "6a6b1679d49b24bbfe0c803429aa1874472f50d9b363131f0e89fc356b544d03"
"checksum rand_chacha 0.2.2 (registry+https://github.com/rust-lang/crates.io-index)" = "f4c8ed856279c9737206bf725bf36935d8666ead7aa69b52be55af369d193402"
"checksum rand_core 0.5.1 (registry+https://github.com/rust-lang/crates.io-index)" = "90bde5296fc891b0cef12a6d03ddccc162ce7b2aff54160af9338f8d40df6d19"
"checksum rand_distr 0.2.2 (registry+https://github.com/rust-lang/crates.io-index)" = "96977acbdd3a6576fb1d27391900035bf3863d4a16422973a409b488cf29ffb2"
"checksum rand_hc 0.2.0 (registry+https://github.com/rust-lang/crates.io-index)" = "ca3129af7b92a17112d59ad498c6f81eaf463253766b90396d39ea7a39d6613c"
"checksum rayon 1.3.0 (registry+https://github.com/rust-lang/crates.io-index)" = "db6ce3297f9c85e16621bb8cca38a06779ffc31bb8184e1be4bed2be4678a098"
"checksum rayon-core 1.7.0 (registry+https://github.com/rust-lang/crates.io-index)" = "08a89b46efaf957e52b18062fb2f4660f8b8a4dde1807ca002690868ef2c85a9"
"checksum rustc_version 0.2.3 (registry+https://github.com/rust-lang/crates.io-index)" = "138e3e0acb6c9fb258b19b67cb8abd63c00679d2851805ea151465464fe9030a"
"checksum ryu 1.0.5 (registry+https://github.com/rust-lang/crates.io-index)" = "71d301d4193d031abdd79ff7e3dd721168a9572ef3fe51a1517aba235bd8f86e"
"checksum scopeguard 1.1.0 (registry+https://github.com/rust-lang/crates.io-index)" = "d29ab0c6d3fc0ee92fe66e2d99f700eab17a8d57d1c1d3b748380fb20baa78cd"
"checksum semver 0.9.0 (registry+https://github.com/rust-lang/crates.io-index)" = "1d7eb9ef2c18661902cc47e535f9bc51b78acd254da71d375c2f6720d9a40403"
"checksum semver-parser 0.7.0 (registry+https://github.com/rust-lang/crates.io-index)" = "388a1df253eca08550bef6c72392cfe7c30914bf41df5269b68cbd6ff8f570a3"
"checksum serde 1.0.111 (registry+https://github.com/rust-lang/crates.io-index)" = "c9124df5b40cbd380080b2cc6ab894c040a3070d995f5c9dc77e18c34a8ae37d"
"checksum serde_derive 1.0.111 (registry+https://github.com/rust-lang/crates.io-index)" = "3f2c3ac8e6ca1e9c80b8be1023940162bf81ae3cffbb1809474152f2ce1eb250"
"checksum serde_json 1.0.55 (registry+https://github.com/rust-lang/crates.io-index)" = "ec2c5d7e739bc07a3e73381a39d61fdb5f671c60c1df26a130690665803d8226"
"checksum sha1 0.6.0 (registry+https://github.com/rust-lang/crates.io-index)" = "2579985fda508104f7587689507983eadd6a6e84dd35d6d115361f530916fa0d"
"checksum standback 0.2.9 (registry+https://github.com/rust-lang/crates.io-index)" = "b0437cfb83762844799a60e1e3b489d5ceb6a650fbacb86437badc1b6d87b246"
"checksum stdweb 0.4.20 (registry+https://github.com/rust-lang/crates.io-index)" = "d022496b16281348b52d0e30ae99e01a73d737b2f45d38fed4edf79f9325a1d5"
"checksum stdweb-derive 0.5.3 (registry+https://github.com/rust-lang/crates.io-index)" = "c87a60a40fccc84bef0652345bbbbbe20a605bf5d0ce81719fc476f5c03b50ef"
"checksum stdweb-internal-macros 0.2.9 (registry+https://github.com/rust-lang/crates.io-index)" = "58fa5ff6ad0d98d1ffa8cb115892b6e69d67799f6763e162a1c9db421dc22e11"
"checksum stdweb-internal-runtime 0.1.5 (registry+https://github.com/rust-lang/crates.io-index)" = "213701ba3370744dcd1a12960caa4843b3d68b4d1c0a5d575e0d65b2ee9d16c0"
"checksum syn 1.0.31 (registry+https://github.com/rust-lang/crates.io-index)" = "b5304cfdf27365b7585c25d4af91b35016ed21ef88f17ced89c7093b43dba8b6"
"checksum time 0.2.16 (registry+https://github.com/rust-lang/crates.io-index)" = "3a51cadc5b1eec673a685ff7c33192ff7b7603d0b75446fb354939ee615acb15"
"checksum time-macros 0.1.0 (registry+https://github.com/rust-lang/crates.io-index)" = "9ae9b6e9f095bc105e183e3cd493d72579be3181ad4004fceb01adbe9eecab2d"
"checksum time-macros-impl 0.1.1 (registry+https://github.com/rust-lang/crates.io-index)" = "e5c3be1edfad6027c69f5491cf4cb310d1a71ecd6af742788c6ff8bced86b8fa"
"checksum unicode-xid 0.2.0 (registry+https://github.com/rust-lang/crates.io-index)" = "826e7639553986605ec5979c7dd957c7895e93eabed50ab2ffa7f6128a75097c"
"checksum version_check 0.9.2 (registry+https://github.com/rust-lang/crates.io-index)" = "b5a972e5669d67ba988ce3dc826706fb0a8b01471c088cb0b6110b805cc36aed"
"checksum wasi 0.9.0+wasi-snapshot-preview1 (registry+https://github.com/rust-lang/crates.io-index)" = "cccddf32554fecc6acb585f82a32a72e28b48f8c4c1883ddfeeeaa96f7d8e519"
"checksum wasm-bindgen 0.2.63 (registry+https://github.com/rust-lang/crates.io-index)" = "4c2dc4aa152834bc334f506c1a06b866416a8b6697d5c9f75b9a689c8486def0"
"checksum wasm-bindgen-backend 0.2.63 (registry+https://github.com/rust-lang/crates.io-index)" = "ded84f06e0ed21499f6184df0e0cb3494727b0c5da89534e0fcc55c51d812101"
"checksum wasm-bindgen-macro 0.2.63 (registry+https://github.com/rust-lang/crates.io-index)" = "838e423688dac18d73e31edce74ddfac468e37b1506ad163ffaf0a46f703ffe3"
"checksum wasm-bindgen-macro-support 0.2.63 (registry+https://github.com/rust-lang/crates.io-index)" = "3156052d8ec77142051a533cdd686cba889537b213f948cd1d20869926e68e92"
"checksum wasm-bindgen-shared 0.2.63 (registry+https://github.com/rust-lang/crates.io-index)" = "c9ba19973a58daf4db6f352eda73dc0e289493cd29fb2632eb172085b6521acd"
"checksum winapi 0.3.8 (registry+https://github.com/rust-lang/crates.io-index)" = "8093091eeb260906a183e6ae1abdba2ef5ef2257a21801128899c3fc699229c6"
"checksum winapi-i686-pc-windows-gnu 0.4.0 (registry+https://github.com/rust-lang/crates.io-index)" = "ac3b87c63620426dd9b991e5ce0329eff545bccbbb34f3be09ff6fb6ab51b7b6"
"checksum winapi-x86_64-pc-windows-gnu 0.4.0 (registry+https://github.com/rust-lang/crates.io-index)" = "712e227841d057c1ee1cd2fb22fa7e5a5461ae8e48fa2ca79ec42cfc1931183f"
